{
  "requires": true,
  "lockfileVersion": 1,
  "dependencies": {
    "preact": {
      "version": "10.5.13",
      "resolved": "https://registry.npmjs.org/preact/-/preact-10.5.13.tgz",
      "integrity": "sha512-q/vlKIGNwzTLu+jCcvywgGrt+H/1P/oIRSD6mV4ln3hmlC+Aa34C7yfPI4+5bzW8pONyVXYS7SvXosy2dKKtWQ=="
    },
    "preact-iso": {
      "version": "1.2.0",
      "resolved": "https://registry.npmjs.org/preact-iso/-/preact-iso-1.2.0.tgz",
      "integrity": "sha512-0XCZ/DkmJfFEooCH6ZaqrwbAJ2IdwLmxIW+c3xna7irBt+VACkNRRh+Em23V/nkkK4jxkdJZgyECCbB5ABouJw=="
    },
    "wmr": {
      "version": "1.6.0",
      "resolved": "https://registry.npmjs.org/wmr/-/wmr-1.6.0.tgz",
      "integrity": "sha512-1bE3tlFRSSytgoDl+CJvN2/JyFS/sk8KU+lq80UE4PvtErBaGU91OjGAn7YzxpUzIY3Kj48uD8v8P0gkwhYpDw=="
    }
  }
}
